
Microsoft Visual Studio Solution File, Format Version 12.00
Project("{2150E333-8FDC-42A3-9474-1A3956D46DE8}") = "docs", "docs", "{ACFCEFF7-8C3B-4D05-8080-DD19A6E07873}"
	ProjectSection(SolutionItems) = preProject
		README.md = README.md
	EndProjectSection
EndProject
Project("{2150E333-8FDC-42A3-9474-1A3956D46DE8}") = "actions", "actions", "{82BA388F-4AE2-43A2-965A-AC2092BF26F3}"
	ProjectSection(SolutionItems) = preProject
		.github\workflows\dotnet.yml = .github\workflows\dotnet.yml
		.github\workflows\test-reporter.yml = .github\workflows\test-reporter.yml
		.github\workflows\Plagiarism_detector.yml = .github\workflows\Plagiarism_detector.yml
		.github\coverlet.runsettings = .github\coverlet.runsettings
	EndProjectSection
EndProject
Project("{2150E333-8FDC-42A3-9474-1A3956D46DE8}") = "hw3", "hw3", "{78F13A34-FDFB-4991-AE29-7EB1298599BD}"
	ProjectSection(SolutionItems) = preProject
		Homework3\README.md = Homework3\README.md
	EndProjectSection
EndProject
Project("{FAE04EC0-301F-11D3-BF4B-00C04F79EFBC}") = "Hw3", "Homework3\Hw3\Hw3.csproj", "{18EFD01F-5309-4E51-9A07-5E7FE3C22BE5}"
EndProject
Project("{FAE04EC0-301F-11D3-BF4B-00C04F79EFBC}") = "Hw3.Tests", "Homework3\Hw3.Tests\Hw3.Tests.csproj", "{8474FA7C-94A1-43A8-8B85-720B4BB6D796}"
EndProject
Project("{FAE04EC0-301F-11D3-BF4B-00C04F79EFBC}") = "Hw3.Mutex", "Homework3\Hw3.Mutex\Hw3.Mutex.csproj", "{E1370610-52EF-4828-ADC7-8A41F2F2044B}"
EndProject
Project("{FAE04EC0-301F-11D3-BF4B-00C04F79EFBC}") = "Hw1", "Homework1\Hw1\Hw1.csproj", "{D5D64433-0532-4370-9311-FDA8280681F3}"
EndProject
Project("{FAE04EC0-301F-11D3-BF4B-00C04F79EFBC}") = "Hw1.Tests", "Homework1\Hw1.Tests\Hw1.Tests.csproj", "{F07F6915-2D21-403B-88B1-70B2F6FD9070}"
EndProject
Project("{9A19103F-16F7-4668-BE54-9A1E7A4F7556}") = "Hw2", "Homework2\Hw2\Hw2.ilproj", "{70ED8284-F93A-4858-800C-811AC5C710CB}"
EndProject
Project("{FAE04EC0-301F-11D3-BF4B-00C04F79EFBC}") = "Hw2Tests", "Homework2\Hw2.Tests\Hw2Tests.csproj", "{11DD9A76-24E8-45E7-A92B-0B760927A3F0}"
EndProject
Project("{2150E333-8FDC-42A3-9474-1A3956D46DE8}") = "Homework1", "Homework1", "{4B2E359B-FB5B-4C45-AE41-1BAF1C20205E}"
    ProjectSection(SolutionItems) = preProject
            Homework1\README.md = Homework1\README.md
    EndProjectSection
EndProject
Project("{2150E333-8FDC-42A3-9474-1A3956D46DE8}") = "Homework2", "Homework2", "{52918F1D-03D3-45AE-8612-7C8A60950AEB}"
    ProjectSection(SolutionItems) = preProject
		Homework2\README.md = Homework2\README.md
    EndProjectSection
EndProject
Project("{2150E333-8FDC-42A3-9474-1A3956D46DE8}") = "Homework4", "Homework4", "{7E7C3A19-9AD4-48AE-AABE-6B1BA46F7B2A}"
	ProjectSection(SolutionItems) = preProject
		Homework4\README.md = Homework4\README.md
	EndProjectSection
EndProject
Project("{F2A71F9B-5D33-465A-A702-920D77279786}") = "Hw4", "Homework4\Hw4\Hw4.fsproj", "{DA474747-7477-47A1-BD8E-9FD98CB1BBD6}"
EndProject
Project("{F2A71F9B-5D33-465A-A702-920D77279786}") = "Hw4.Tests", "Homework4\Hw4.Tests\Hw4.Tests.fsproj", "{6EDC357B-14D8-4FC6-9BBB-5CAC26F7388C}"
EndProject
Project("{2150E333-8FDC-42A3-9474-1A3956D46DE8}") = "Homework5", "Homework5", "{1F321195-3723-45FB-B142-7532B04DA505}"
	ProjectSection(SolutionItems) = preProject
		Homework5\README.md = Homework5\README.md
	EndProjectSection
EndProject
Project("{F2A71F9B-5D33-465A-A702-920D77279786}") = "Hw5", "Homework5\Hw5\Hw5.fsproj", "{E1942129-E679-4E2C-BF1E-5334351D624E}"
EndProject
Project("{F2A71F9B-5D33-465A-A702-920D77279786}") = "Hw5.Tests", "Homework5\Hw5.Tests\Hw5.Tests.fsproj", "{814746E9-72AE-4BEC-B0F5-36E66A19C896}"
EndProject
Project("{2150E333-8FDC-42A3-9474-1A3956D46DE8}") = "Homework6", "Homework6", "{E16D4D1E-F9D7-4566-8439-E4A063CFAFAD}"
	ProjectSection(SolutionItems) = preProject
		Homework6\README.md = Homework6\README.md
	EndProjectSection
EndProject
Project("{F2A71F9B-5D33-465A-A702-920D77279786}") = "Hw6", "Homework6\Hw6\Hw6.fsproj", "{3B6B82C5-ACA8-4128-86CB-1EECC9D3B6BC}"
EndProject
Project("{FAE04EC0-301F-11D3-BF4B-00C04F79EFBC}") = "Hw6.Tests", "Homework6\Hw6.Tests\Hw6.Tests.csproj", "{9A993124-7262-48FA-8FAB-A8EABA119947}"
EndProject
Project("{F2A71F9B-5D33-465A-A702-920D77279786}") = "Hw6.Client", "Homework6\Hw6.Client\Hw6.Client.fsproj", "{89397763-3C14-4ACF-9390-61146F5C7660}"
EndProject
Global
	GlobalSection(SolutionConfigurationPlatforms) = preSolution
		Debug|Any CPU = Debug|Any CPU
		Release|Any CPU = Release|Any CPU
	EndGlobalSection
	GlobalSection(ProjectConfigurationPlatforms) = postSolution
		{DA474747-7477-47A1-BD8E-9FD98CB1BBD6}.Debug|Any CPU.ActiveCfg = Debug|Any CPU
		{DA474747-7477-47A1-BD8E-9FD98CB1BBD6}.Debug|Any CPU.Build.0 = Debug|Any CPU
		{DA474747-7477-47A1-BD8E-9FD98CB1BBD6}.Release|Any CPU.ActiveCfg = Release|Any CPU
		{DA474747-7477-47A1-BD8E-9FD98CB1BBD6}.Release|Any CPU.Build.0 = Release|Any CPU
		{6EDC357B-14D8-4FC6-9BBB-5CAC26F7388C}.Debug|Any CPU.ActiveCfg = Debug|Any CPU
		{6EDC357B-14D8-4FC6-9BBB-5CAC26F7388C}.Debug|Any CPU.Build.0 = Debug|Any CPU
		{6EDC357B-14D8-4FC6-9BBB-5CAC26F7388C}.Release|Any CPU.ActiveCfg = Release|Any CPU
		{6EDC357B-14D8-4FC6-9BBB-5CAC26F7388C}.Release|Any CPU.Build.0 = Release|Any CPU
		{8474FA7C-94A1-43A8-8B85-720B4BB6D796}.Debug|Any CPU.ActiveCfg = Debug|Any CPU
								{8474FA7C-94A1-43A8-8B85-720B4BB6D796}.Debug|Any CPU.Build.0 = Debug|Any CPU
								{8474FA7C-94A1-43A8-8B85-720B4BB6D796}.Release|Any CPU.ActiveCfg = Release|Any CPU
								{8474FA7C-94A1-43A8-8B85-720B4BB6D796}.Release|Any CPU.Build.0 = Release|Any CPU
								{E1370610-52EF-4828-ADC7-8A41F2F2044B}.Debug|Any CPU.ActiveCfg = Debug|Any CPU
								{E1370610-52EF-4828-ADC7-8A41F2F2044B}.Debug|Any CPU.Build.0 = Debug|Any CPU
								{E1370610-52EF-4828-ADC7-8A41F2F2044B}.Release|Any CPU.ActiveCfg = Release|Any CPU
								{E1370610-52EF-4828-ADC7-8A41F2F2044B}.Release|Any CPU.Build.0 = Release|Any CPU
								{D5D64433-0532-4370-9311-FDA8280681F3}.Debug|Any CPU.ActiveCfg = Debug|Any CPU
								{D5D64433-0532-4370-9311-FDA8280681F3}.Debug|Any CPU.Build.0 = Debug|Any CPU
								{D5D64433-0532-4370-9311-FDA8280681F3}.Release|Any CPU.ActiveCfg = Release|Any CPU
								{D5D64433-0532-4370-9311-FDA8280681F3}.Release|Any CPU.Build.0 = Release|Any CPU
								{F07F6915-2D21-403B-88B1-70B2F6FD9070}.Debug|Any CPU.ActiveCfg = Debug|Any CPU
								{F07F6915-2D21-403B-88B1-70B2F6FD9070}.Debug|Any CPU.Build.0 = Debug|Any CPU
								{F07F6915-2D21-403B-88B1-70B2F6FD9070}.Release|Any CPU.ActiveCfg = Release|Any CPU
								{F07F6915-2D21-403B-88B1-70B2F6FD9070}.Release|Any CPU.Build.0 = Release|Any CPU
								{70ED8284-F93A-4858-800C-811AC5C710CB}.Debug|Any CPU.ActiveCfg = Debug|Any CPU
								{70ED8284-F93A-4858-800C-811AC5C710CB}.Debug|Any CPU.Build.0 = Debug|Any CPU
								{70ED8284-F93A-4858-800C-811AC5C710CB}.Release|Any CPU.ActiveCfg = Release|Any CPU
								{70ED8284-F93A-4858-800C-811AC5C710CB}.Release|Any CPU.Build.0 = Release|Any CPU
								{11DD9A76-24E8-45E7-A92B-0B760927A3F0}.Debug|Any CPU.ActiveCfg = Debug|Any CPU
								{11DD9A76-24E8-45E7-A92B-0B760927A3F0}.Debug|Any CPU.Build.0 = Debug|Any CPU
								{11DD9A76-24E8-45E7-A92B-0B760927A3F0}.Release|Any CPU.ActiveCfg = Release|Any CPU
								{11DD9A76-24E8-45E7-A92B-0B760927A3F0}.Release|Any CPU.Build.0 = Release|Any CPU
								{18EFD01F-5309-4E51-9A07-5E7FE3C22BE5}.Debug|Any CPU.ActiveCfg = Debug|Any CPU
								{18EFD01F-5309-4E51-9A07-5E7FE3C22BE5}.Debug|Any CPU.Build.0 = Debug|Any CPU
								{18EFD01F-5309-4E51-9A07-5E7FE3C22BE5}.Release|Any CPU.ActiveCfg = Release|Any CPU
								{18EFD01F-5309-4E51-9A07-5E7FE3C22BE5}.Release|Any CPU.Build.0 = Release|Any CPU
		{E1942129-E679-4E2C-BF1E-5334351D624E}.Debug|Any CPU.ActiveCfg = Debug|Any CPU
        {E1942129-E679-4E2C-BF1E-5334351D624E}.Debug|Any CPU.Build.0 = Debug|Any CPU
        {E1942129-E679-4E2C-BF1E-5334351D624E}.Release|Any CPU.ActiveCfg = Release|Any CPU
        {E1942129-E679-4E2C-BF1E-5334351D624E}.Release|Any CPU.Build.0 = Release|Any CPU
        {814746E9-72AE-4BEC-B0F5-36E66A19C896}.Debug|Any CPU.ActiveCfg = Debug|Any CPU
        {814746E9-72AE-4BEC-B0F5-36E66A19C896}.Debug|Any CPU.Build.0 = Debug|Any CPU
        {814746E9-72AE-4BEC-B0F5-36E66A19C896}.Release|Any CPU.ActiveCfg = Release|Any CPU
        {814746E9-72AE-4BEC-B0F5-36E66A19C896}.Release|Any CPU.Build.0 = Release|Any CPU
        {3B6B82C5-ACA8-4128-86CB-1EECC9D3B6BC}.Debug|Any CPU.ActiveCfg = Debug|Any CPU
        {3B6B82C5-ACA8-4128-86CB-1EECC9D3B6BC}.Debug|Any CPU.Build.0 = Debug|Any CPU
        {3B6B82C5-ACA8-4128-86CB-1EECC9D3B6BC}.Release|Any CPU.ActiveCfg = Release|Any CPU
        {3B6B82C5-ACA8-4128-86CB-1EECC9D3B6BC}.Release|Any CPU.Build.0 = Release|Any CPU
        {9A993124-7262-48FA-8FAB-A8EABA119947}.Debug|Any CPU.ActiveCfg = Debug|Any CPU
        {9A993124-7262-48FA-8FAB-A8EABA119947}.Debug|Any CPU.Build.0 = Debug|Any CPU
        {9A993124-7262-48FA-8FAB-A8EABA119947}.Release|Any CPU.ActiveCfg = Release|Any CPU
        {9A993124-7262-48FA-8FAB-A8EABA119947}.Release|Any CPU.Build.0 = Release|Any CPU
		{89397763-3C14-4ACF-9390-61146F5C7660}.Debug|Any CPU.ActiveCfg = Debug|Any CPU
		{89397763-3C14-4ACF-9390-61146F5C7660}.Debug|Any CPU.Build.0 = Debug|Any CPU
		{89397763-3C14-4ACF-9390-61146F5C7660}.Release|Any CPU.ActiveCfg = Release|Any CPU
		{89397763-3C14-4ACF-9390-61146F5C7660}.Release|Any CPU.Build.0 = Release|Any CPU
	EndGlobalSection
	GlobalSection(NestedProjects) = preSolution
		{DA474747-7477-47A1-BD8E-9FD98CB1BBD6} = {7E7C3A19-9AD4-48AE-AABE-6B1BA46F7B2A}
		{6EDC357B-14D8-4FC6-9BBB-5CAC26F7388C} = {7E7C3A19-9AD4-48AE-AABE-6B1BA46F7B2A}
		{8474FA7C-94A1-43A8-8B85-720B4BB6D796} = {78F13A34-FDFB-4991-AE29-7EB1298599BD}
		{E1370610-52EF-4828-ADC7-8A41F2F2044B} = {78F13A34-FDFB-4991-AE29-7EB1298599BD}
		{F07F6915-2D21-403B-88B1-70B2F6FD9070} = {4B2E359B-FB5B-4C45-AE41-1BAF1C20205E}
		{D5D64433-0532-4370-9311-FDA8280681F3} = {4B2E359B-FB5B-4C45-AE41-1BAF1C20205E}
		{70ED8284-F93A-4858-800C-811AC5C710CB} = {52918F1D-03D3-45AE-8612-7C8A60950AEB}
		{11DD9A76-24E8-45E7-A92B-0B760927A3F0} = {52918F1D-03D3-45AE-8612-7C8A60950AEB}
		{18EFD01F-5309-4E51-9A07-5E7FE3C22BE5} = {78F13A34-FDFB-4991-AE29-7EB1298599BD}
		{E1942129-E679-4E2C-BF1E-5334351D624E} = {1F321195-3723-45FB-B142-7532B04DA505}
        {814746E9-72AE-4BEC-B0F5-36E66A19C896} = {1F321195-3723-45FB-B142-7532B04DA505}
		{3B6B82C5-ACA8-4128-86CB-1EECC9D3B6BC} = {E16D4D1E-F9D7-4566-8439-E4A063CFAFAD}
        {9A993124-7262-48FA-8FAB-A8EABA119947} = {E16D4D1E-F9D7-4566-8439-E4A063CFAFAD}
		{89397763-3C14-4ACF-9390-61146F5C7660} = {E16D4D1E-F9D7-4566-8439-E4A063CFAFAD}
	EndGlobalSection
EndGlobal
